
Microsoft Visual Studio Solution File, Format Version 12.00
# Visual Studio 2012
Project("{FAE04EC0-301F-11D3-BF4B-00C04F79EFBC}") = "prototype", "prototype\prototype.csproj", "{5E99AB8F-D938-4FA0-A3DF-627C3CCD0F63}"
EndProject
Project("{FAE04EC0-301F-11D3-BF4B-00C04F79EFBC}") = "prototype.iOS", "iOS\prototype.iOS.csproj", "{C1C7FB63-86E1-4435-965C-419124FA1C2B}"
EndProject
Project("{FAE04EC0-301F-11D3-BF4B-00C04F79EFBC}") = "prototype.Droid", "Droid\prototype.Droid.csproj", "{0D3B432A-3D9F-4E35-8161-05E266E380B8}"
EndProject
Global
	GlobalSection(SolutionConfigurationPlatforms) = preSolution
		Debug|Any CPU = Debug|Any CPU
		Release|Any CPU = Release|Any CPU
		Debug|iPhoneSimulator = Debug|iPhoneSimulator
		Release|iPhone = Release|iPhone
		Release|iPhoneSimulator = Release|iPhoneSimulator
		Debug|iPhone = Debug|iPhone
	EndGlobalSection
	GlobalSection(ProjectConfigurationPlatforms) = postSolution
		{5E99AB8F-D938-4FA0-A3DF-627C3CCD0F63}.Debug|Any CPU.ActiveCfg = Debug|Any CPU
		{5E99AB8F-D938-4FA0-A3DF-627C3CCD0F63}.Debug|Any CPU.Build.0 = Debug|Any CPU
		{5E99AB8F-D938-4FA0-A3DF-627C3CCD0F63}.Release|Any CPU.ActiveCfg = Release|Any CPU
		{5E99AB8F-D938-4FA0-A3DF-627C3CCD0F63}.Release|Any CPU.Build.0 = Release|Any CPU
		{5E99AB8F-D938-4FA0-A3DF-627C3CCD0F63}.Debug|iPhoneSimulator.ActiveCfg = Debug|Any CPU
		{5E99AB8F-D938-4FA0-A3DF-627C3CCD0F63}.Debug|iPhoneSimulator.Build.0 = Debug|Any CPU
		{5E99AB8F-D938-4FA0-A3DF-627C3CCD0F63}.Release|iPhone.ActiveCfg = Release|Any CPU
		{5E99AB8F-D938-4FA0-A3DF-627C3CCD0F63}.Release|iPhone.Build.0 = Release|Any CPU
		{5E99AB8F-D938-4FA0-A3DF-627C3CCD0F63}.Release|iPhoneSimulator.ActiveCfg = Release|Any CPU
		{5E99AB8F-D938-4FA0-A3DF-627C3CCD0F63}.Release|iPhoneSimulator.Build.0 = Release|Any CPU
		{5E99AB8F-D938-4FA0-A3DF-627C3CCD0F63}.Debug|iPhone.ActiveCfg = Debug|Any CPU
		{5E99AB8F-D938-4FA0-A3DF-627C3CCD0F63}.Debug|iPhone.Build.0 = Debug|Any CPU
		{C1C7FB63-86E1-4435-965C-419124FA1C2B}.Debug|Any CPU.ActiveCfg = Debug|iPhoneSimulator
		{C1C7FB63-86E1-4435-965C-419124FA1C2B}.Debug|Any CPU.Build.0 = Debug|iPhoneSimulator
		{C1C7FB63-86E1-4435-965C-419124FA1C2B}.Release|Any CPU.ActiveCfg = Release|iPhone
		{C1C7FB63-86E1-4435-965C-419124FA1C2B}.Release|Any CPU.Build.0 = Release|iPhone
		{C1C7FB63-86E1-4435-965C-419124FA1C2B}.Debug|iPhoneSimulator.ActiveCfg = Debug|iPhoneSimulator
		{C1C7FB63-86E1-4435-965C-419124FA1C2B}.Debug|iPhoneSimulator.Build.0 = Debug|iPhoneSimulator
		{C1C7FB63-86E1-4435-965C-419124FA1C2B}.Release|iPhone.ActiveCfg = Release|iPhone
		{C1C7FB63-86E1-4435-965C-419124FA1C2B}.Release|iPhone.Build.0 = Release|iPhone
		{C1C7FB63-86E1-4435-965C-419124FA1C2B}.Release|iPhoneSimulator.ActiveCfg = Release|iPhoneSimulator
		{C1C7FB63-86E1-4435-965C-419124FA1C2B}.Release|iPhoneSimulator.Build.0 = Release|iPhoneSimulator
		{C1C7FB63-86E1-4435-965C-419124FA1C2B}.Debug|iPhone.ActiveCfg = Debug|iPhone
		{C1C7FB63-86E1-4435-965C-419124FA1C2B}.Debug|iPhone.Build.0 = Debug|iPhone
		{0D3B432A-3D9F-4E35-8161-05E266E380B8}.Debug|Any CPU.ActiveCfg = Debug|Any CPU
		{0D3B432A-3D9F-4E35-8161-05E266E380B8}.Debug|Any CPU.Build.0 = Debug|Any CPU
		{0D3B432A-3D9F-4E35-8161-05E266E380B8}.Release|Any CPU.ActiveCfg = Release|Any CPU
		{0D3B432A-3D9F-4E35-8161-05E266E380B8}.Release|Any CPU.Build.0 = Release|Any CPU
		{0D3B432A-3D9F-4E35-8161-05E266E380B8}.Debug|iPhoneSimulator.ActiveCfg = Debug|Any CPU
		{0D3B432A-3D9F-4E35-8161-05E266E380B8}.Debug|iPhoneSimulator.Build.0 = Debug|Any CPU
		{0D3B432A-3D9F-4E35-8161-05E266E380B8}.Release|iPhone.ActiveCfg = Release|Any CPU
		{0D3B432A-3D9F-4E35-8161-05E266E380B8}.Release|iPhone.Build.0 = Release|Any CPU
		{0D3B432A-3D9F-4E35-8161-05E266E380B8}.Release|iPhoneSimulator.ActiveCfg = Release|Any CPU
		{0D3B432A-3D9F-4E35-8161-05E266E380B8}.Release|iPhoneSimulator.Build.0 = Release|Any CPU
		{0D3B432A-3D9F-4E35-8161-05E266E380B8}.Debug|iPhone.ActiveCfg = Debug|Any CPU
		{0D3B432A-3D9F-4E35-8161-05E266E380B8}.Debug|iPhone.Build.0 = Debug|Any CPU
	EndGlobalSection
	GlobalSection(MonoDevelopProperties) = preSolution
		Policies = $0
		$0.DotNetNamingPolicy = $1
		$1.DirectoryNamespaceAssociation = PrefixedHierarchical
		$0.VersionControlPolicy = $2
	EndGlobalSection
EndGlobal
